
Microsoft Visual Studio Solution File, Format Version 12.00
# Visual Studio 15
VisualStudioVersion = 15.0.27428.2002
MinimumVisualStudioVersion = 10.0.40219.1
Project("{FAE04EC0-301F-11D3-BF4B-00C04F79EFBC}") = "AWSLambda.Common", "AWSLambda.Common\AWSLambda.Common.csproj", "{96BDC362-7EF0-4B28-AC2F-959A4BEC5540}"
EndProject
Project("{FAE04EC0-301F-11D3-BF4B-00C04F79EFBC}") = "AWSLambda.Common.Tests", "AWSLambda.Common.Tests\AWSLambda.Common.Tests.csproj", "{8D184AF0-FB25-464C-992C-8D214526BA42}"
EndProject
Global
	GlobalSection(SolutionConfigurationPlatforms) = preSolution
		Debug|Any CPU = Debug|Any CPU
		Release|Any CPU = Release|Any CPU
	EndGlobalSection
	GlobalSection(ProjectConfigurationPlatforms) = postSolution
		{96BDC362-7EF0-4B28-AC2F-959A4BEC5540}.Debug|Any CPU.ActiveCfg = Debug|Any CPU
		{96BDC362-7EF0-4B28-AC2F-959A4BEC5540}.Debug|Any CPU.Build.0 = Debug|Any CPU
		{96BDC362-7EF0-4B28-AC2F-959A4BEC5540}.Release|Any CPU.ActiveCfg = Release|Any CPU
		{96BDC362-7EF0-4B28-AC2F-959A4BEC5540}.Release|Any CPU.Build.0 = Release|Any CPU
		{8D184AF0-FB25-464C-992C-8D214526BA42}.Debug|Any CPU.ActiveCfg = Debug|Any CPU
		{8D184AF0-FB25-464C-992C-8D214526BA42}.Debug|Any CPU.Build.0 = Debug|Any CPU
		{8D184AF0-FB25-464C-992C-8D214526BA42}.Release|Any CPU.ActiveCfg = Release|Any CPU
		{8D184AF0-FB25-464C-992C-8D214526BA42}.Release|Any CPU.Build.0 = Release|Any CPU
	EndGlobalSection
	GlobalSection(SolutionProperties) = preSolution
		HideSolutionNode = FALSE
	EndGlobalSection
	GlobalSection(ExtensibilityGlobals) = postSolution
		SolutionGuid = {3A81F830-4BE1-4AEB-8804-E3D9CCD7CEF1}
	EndGlobalSection
EndGlobal
